// !$*UTF8*$!
{
	archiveVersion = 1;
	classes = {
	};
	objectVersion = 52;
	objects = {

/* Begin PBXBuildFile section */
		191382DEB0FE5FEACB6E729E /* Pods_iRow.framework in Frameworks */ = {isa = PBXBuildFile; fileRef = BFB4A762AC8D99A4A44C8E8E /* Pods_iRow.framework */; };
		74025596F1CB674A343C4C30 /* Pods_iRow_WatchKit_AppTests.framework in Frameworks */ = {isa = PBXBuildFile; fileRef = FF620419AF3778817DFE1DAD /* Pods_iRow_WatchKit_AppTests.framework */; };
		8107F7762757D51E00058DA6 /* OnWaterRow.swift in Sources */ = {isa = PBXBuildFile; fileRef = 8107F7752757D51E00058DA6 /* OnWaterRow.swift */; };
		811C4AF62757A916002B4AA4 /* WOInterfaceController.swift in Sources */ = {isa = PBXBuildFile; fileRef = 811C4AF52757A916002B4AA4 /* WOInterfaceController.swift */; };
		817DDE972763F605000A02A2 /* HealthKit.framework in Frameworks */ = {isa = PBXBuildFile; fileRef = 817DDE962763F605000A02A2 /* HealthKit.framework */; };
		817DDE9A2763F6A8000A02A2 /* HealthKit.framework in Frameworks */ = {isa = PBXBuildFile; fileRef = 817DDE992763F6A8000A02A2 /* HealthKit.framework */; };
		81AB95CA275DDF5200C10578 /* WOControlsController.swift in Sources */ = {isa = PBXBuildFile; fileRef = 81AB95C9275DDF5200C10578 /* WOControlsController.swift */; };
		81AB95CC275E19AB00C10578 /* HistoryController.swift in Sources */ = {isa = PBXBuildFile; fileRef = 81AB95CB275E19AB00C10578 /* HistoryController.swift */; };
		81AB95CE275E1A7000C10578 /* HistoryRowController.swift in Sources */ = {isa = PBXBuildFile; fileRef = 81AB95CD275E1A7000C10578 /* HistoryRowController.swift */; };
		81DA6E912763AACE003352B9 /* RowHistoryModel.swift in Sources */ = {isa = PBXBuildFile; fileRef = 81DA6E902763AACE003352B9 /* RowHistoryModel.swift */; };
		81EA1BFD27570A76001330AB /* HomeController.swift in Sources */ = {isa = PBXBuildFile; fileRef = 81EA1BFC27570A76001330AB /* HomeController.swift */; };
		81EA1BFF27570CB5001330AB /* SetRestController.swift in Sources */ = {isa = PBXBuildFile; fileRef = 81EA1BFE27570CB5001330AB /* SetRestController.swift */; };
		81EA1C0327575710001330AB /* WOConfigureController.swift in Sources */ = {isa = PBXBuildFile; fileRef = 81EA1C0227575710001330AB /* WOConfigureController.swift */; };
		8ABAF7F0B61CB2BD36253D9C /* Pods_iRow_WatchKit_App_iRow_WatchKit_AppUITests.framework in Frameworks */ = {isa = PBXBuildFile; fileRef = FA227770293A341F148911EA /* Pods_iRow_WatchKit_App_iRow_WatchKit_AppUITests.framework */; };
		C85E9180272C901F007FEA9C /* AppDelegate.swift in Sources */ = {isa = PBXBuildFile; fileRef = C85E917F272C901F007FEA9C /* AppDelegate.swift */; };
		C85E9182272C901F007FEA9C /* SceneDelegate.swift in Sources */ = {isa = PBXBuildFile; fileRef = C85E9181272C901F007FEA9C /* SceneDelegate.swift */; };
		C85E9187272C901F007FEA9C /* Main.storyboard in Resources */ = {isa = PBXBuildFile; fileRef = C85E9185272C901F007FEA9C /* Main.storyboard */; };
		C85E9189272C9027007FEA9C /* Assets.xcassets in Resources */ = {isa = PBXBuildFile; fileRef = C85E9188272C9027007FEA9C /* Assets.xcassets */; };
		C85E918C272C9027007FEA9C /* LaunchScreen.storyboard in Resources */ = {isa = PBXBuildFile; fileRef = C85E918A272C9027007FEA9C /* LaunchScreen.storyboard */; };
		C85E9197272C9027007FEA9C /* iRowTests.swift in Sources */ = {isa = PBXBuildFile; fileRef = C85E9196272C9027007FEA9C /* iRowTests.swift */; };
		C85E91A2272C9027007FEA9C /* iRowUITests.swift in Sources */ = {isa = PBXBuildFile; fileRef = C85E91A1272C9027007FEA9C /* iRowUITests.swift */; };
		C85E91A7272C9027007FEA9C /* iRow WatchKit App.app in Embed Watch Content */ = {isa = PBXBuildFile; fileRef = C85E91A6272C9027007FEA9C /* iRow WatchKit App.app */; settings = {ATTRIBUTES = (RemoveHeadersOnCopy, ); }; };
		C85E91AD272C9027007FEA9C /* Interface.storyboard in Resources */ = {isa = PBXBuildFile; fileRef = C85E91AB272C9027007FEA9C /* Interface.storyboard */; };
		C85E91AF272C902C007FEA9C /* Assets.xcassets in Resources */ = {isa = PBXBuildFile; fileRef = C85E91AE272C902C007FEA9C /* Assets.xcassets */; };
		C85E91B6272C902D007FEA9C /* iRow WatchKit Extension.appex in Embed App Extensions */ = {isa = PBXBuildFile; fileRef = C85E91B5272C902D007FEA9C /* iRow WatchKit Extension.appex */; settings = {ATTRIBUTES = (RemoveHeadersOnCopy, ); }; };
		C85E91BD272C902D007FEA9C /* ExtensionDelegate.swift in Sources */ = {isa = PBXBuildFile; fileRef = C85E91BC272C902D007FEA9C /* ExtensionDelegate.swift */; };
		C85E91BF272C902D007FEA9C /* ComplicationController.swift in Sources */ = {isa = PBXBuildFile; fileRef = C85E91BE272C902D007FEA9C /* ComplicationController.swift */; };
		C85E91C1272C9032007FEA9C /* Assets.xcassets in Resources */ = {isa = PBXBuildFile; fileRef = C85E91C0272C9032007FEA9C /* Assets.xcassets */; };
		C85E91CC272C9032007FEA9C /* iRow_WatchKit_AppTests.swift in Sources */ = {isa = PBXBuildFile; fileRef = C85E91CB272C9032007FEA9C /* iRow_WatchKit_AppTests.swift */; };
		C85E91D7272C9032007FEA9C /* iRow_WatchKit_AppUITests.swift in Sources */ = {isa = PBXBuildFile; fileRef = C85E91D6272C9032007FEA9C /* iRow_WatchKit_AppUITests.swift */; };
		C86C566F2731A4D80012FC4D /* NewWORowController.swift in Sources */ = {isa = PBXBuildFile; fileRef = C86C566E2731A4D80012FC4D /* NewWORowController.swift */; };
		C86C56712731A5C90012FC4D /* WOSelectController.swift in Sources */ = {isa = PBXBuildFile; fileRef = C86C56702731A5C90012FC4D /* WOSelectController.swift */; };
		C86C56752731CFBD0012FC4D /* PracticePlan.swift in Sources */ = {isa = PBXBuildFile; fileRef = C86C56742731CFBD0012FC4D /* PracticePlan.swift */; };
		CB39E0182762FEB300DD00F7 /* WorkoutCell.swift in Sources */ = {isa = PBXBuildFile; fileRef = CB39E0172762FEB300DD00F7 /* WorkoutCell.swift */; };
		CB39E01C276386E100DD00F7 /* Pods_iRow_WatchKit_App.framework in Frameworks */ = {isa = PBXBuildFile; fileRef = D1DCB40F7D7D53D97C65BDEF /* Pods_iRow_WatchKit_App.framework */; };
		CB39E0202763A8BE00DD00F7 /* GoogleService-Info.plist in Resources */ = {isa = PBXBuildFile; fileRef = CB39E01F2763A8BE00DD00F7 /* GoogleService-Info.plist */; };
		CB39E0232763A9E800DD00F7 /* FirebaseAnalytics in Frameworks */ = {isa = PBXBuildFile; productRef = CB39E0222763A9E800DD00F7 /* FirebaseAnalytics */; };
		CB39E0252763A9E800DD00F7 /* FirebaseAnalyticsWithoutAdIdSupport in Frameworks */ = {isa = PBXBuildFile; productRef = CB39E0242763A9E800DD00F7 /* FirebaseAnalyticsWithoutAdIdSupport */; };
		CB39E0292763C7BC00DD00F7 /* iRowRepo.swift in Sources */ = {isa = PBXBuildFile; fileRef = CB39E0282763C7BC00DD00F7 /* iRowRepo.swift */; };
		CB4BF394275FDF2100071477 /* LogInViewController.swift in Sources */ = {isa = PBXBuildFile; fileRef = CB4BF393275FDF2100071477 /* LogInViewController.swift */; };
		CB4BF3A027615FDE00071477 /* Workout.swift in Sources */ = {isa = PBXBuildFile; fileRef = CB4BF39F27615FDE00071477 /* Workout.swift */; };
		CB4BF3A227615FF600071477 /* WorkoutModel.swift in Sources */ = {isa = PBXBuildFile; fileRef = CB4BF3A127615FF600071477 /* WorkoutModel.swift */; };
		CB4BF3A52761B02600071477 /* WorkoutViewController.swift in Sources */ = {isa = PBXBuildFile; fileRef = CB4BF3A42761B02600071477 /* WorkoutViewController.swift */; };
		DDDEFB7A306BD098BFA7112E /* Pods_iRow_WatchKit_Extension.framework in Frameworks */ = {isa = PBXBuildFile; fileRef = 3ACA4A66822CE5558E3F87C5 /* Pods_iRow_WatchKit_Extension.framework */; };
/* End PBXBuildFile section */

/* Begin PBXContainerItemProxy section */
		C85E9193272C9027007FEA9C /* PBXContainerItemProxy */ = {
			isa = PBXContainerItemProxy;
			containerPortal = C85E9174272C901F007FEA9C /* Project object */;
			proxyType = 1;
			remoteGlobalIDString = C85E917B272C901F007FEA9C;
			remoteInfo = iRow;
		};
		C85E919E272C9027007FEA9C /* PBXContainerItemProxy */ = {
			isa = PBXContainerItemProxy;
			containerPortal = C85E9174272C901F007FEA9C /* Project object */;
			proxyType = 1;
			remoteGlobalIDString = C85E917B272C901F007FEA9C;
			remoteInfo = iRow;
		};
		C85E91A8272C9027007FEA9C /* PBXContainerItemProxy */ = {
			isa = PBXContainerItemProxy;
			containerPortal = C85E9174272C901F007FEA9C /* Project object */;
			proxyType = 1;
			remoteGlobalIDString = C85E91A5272C9027007FEA9C;
			remoteInfo = "iRow WatchKit App";
		};
		C85E91B7272C902D007FEA9C /* PBXContainerItemProxy */ = {
			isa = PBXContainerItemProxy;
			containerPortal = C85E9174272C901F007FEA9C /* Project object */;
			proxyType = 1;
			remoteGlobalIDString = C85E91B4272C902D007FEA9C;
			remoteInfo = "iRow WatchKit Extension";
		};
		C85E91C8272C9032007FEA9C /* PBXContainerItemProxy */ = {
			isa = PBXContainerItemProxy;
			containerPortal = C85E9174272C901F007FEA9C /* Project object */;
			proxyType = 1;
			remoteGlobalIDString = C85E91B4272C902D007FEA9C;
			remoteInfo = "iRow WatchKit Extension";
		};
		C85E91D3272C9032007FEA9C /* PBXContainerItemProxy */ = {
			isa = PBXContainerItemProxy;
			containerPortal = C85E9174272C901F007FEA9C /* Project object */;
			proxyType = 1;
			remoteGlobalIDString = C85E91A5272C9027007FEA9C;
			remoteInfo = "iRow WatchKit App";
		};
/* End PBXContainerItemProxy section */

/* Begin PBXCopyFilesBuildPhase section */
		C85E91DE272C9032007FEA9C /* Embed App Extensions */ = {
			isa = PBXCopyFilesBuildPhase;
			buildActionMask = 2147483647;
			dstPath = "";
			dstSubfolderSpec = 13;
			files = (
				C85E91B6272C902D007FEA9C /* iRow WatchKit Extension.appex in Embed App Extensions */,
			);
			name = "Embed App Extensions";
			runOnlyForDeploymentPostprocessing = 0;
		};
		C85E91E2272C9032007FEA9C /* Embed Watch Content */ = {
			isa = PBXCopyFilesBuildPhase;
			buildActionMask = 2147483647;
			dstPath = "$(CONTENTS_FOLDER_PATH)/Watch";
			dstSubfolderSpec = 16;
			files = (
				C85E91A7272C9027007FEA9C /* iRow WatchKit App.app in Embed Watch Content */,
			);
			name = "Embed Watch Content";
			runOnlyForDeploymentPostprocessing = 0;
		};
/* End PBXCopyFilesBuildPhase section */

/* Begin PBXFileReference section */
		0459877559CF07C7D2CB8901 /* Pods-iRow.debug.xcconfig */ = {isa = PBXFileReference; includeInIndex = 1; lastKnownFileType = text.xcconfig; name = "Pods-iRow.debug.xcconfig"; path = "Target Support Files/Pods-iRow/Pods-iRow.debug.xcconfig"; sourceTree = "<group>"; };
		0E0A84A1929715A1EA45E811 /* Pods-iRow WatchKit App-iRow WatchKit AppUITests.debug.xcconfig */ = {isa = PBXFileReference; includeInIndex = 1; lastKnownFileType = text.xcconfig; name = "Pods-iRow WatchKit App-iRow WatchKit AppUITests.debug.xcconfig"; path = "Target Support Files/Pods-iRow WatchKit App-iRow WatchKit AppUITests/Pods-iRow WatchKit App-iRow WatchKit AppUITests.debug.xcconfig"; sourceTree = "<group>"; };
		26FB76883AEF21A2D6061BFB /* Pods-iRow WatchKit Extension.release.xcconfig */ = {isa = PBXFileReference; includeInIndex = 1; lastKnownFileType = text.xcconfig; name = "Pods-iRow WatchKit Extension.release.xcconfig"; path = "Target Support Files/Pods-iRow WatchKit Extension/Pods-iRow WatchKit Extension.release.xcconfig"; sourceTree = "<group>"; };
		3ACA4A66822CE5558E3F87C5 /* Pods_iRow_WatchKit_Extension.framework */ = {isa = PBXFileReference; explicitFileType = wrapper.framework; includeInIndex = 0; path = Pods_iRow_WatchKit_Extension.framework; sourceTree = BUILT_PRODUCTS_DIR; };
		43AFAE029560EE5EA0D3200B /* Pods-iRow.release.xcconfig */ = {isa = PBXFileReference; includeInIndex = 1; lastKnownFileType = text.xcconfig; name = "Pods-iRow.release.xcconfig"; path = "Target Support Files/Pods-iRow/Pods-iRow.release.xcconfig"; sourceTree = "<group>"; };
		450D1BAA58453B1E9AE8E5B5 /* Pods-iRow WatchKit AppTests.debug.xcconfig */ = {isa = PBXFileReference; includeInIndex = 1; lastKnownFileType = text.xcconfig; name = "Pods-iRow WatchKit AppTests.debug.xcconfig"; path = "Target Support Files/Pods-iRow WatchKit AppTests/Pods-iRow WatchKit AppTests.debug.xcconfig"; sourceTree = "<group>"; };
		723839E5DF6FD2E72333A476 /* Pods-iRow WatchKit AppTests.release.xcconfig */ = {isa = PBXFileReference; includeInIndex = 1; lastKnownFileType = text.xcconfig; name = "Pods-iRow WatchKit AppTests.release.xcconfig"; path = "Target Support Files/Pods-iRow WatchKit AppTests/Pods-iRow WatchKit AppTests.release.xcconfig"; sourceTree = "<group>"; };
		8107F7752757D51E00058DA6 /* OnWaterRow.swift */ = {isa = PBXFileReference; lastKnownFileType = sourcecode.swift; path = OnWaterRow.swift; sourceTree = "<group>"; };
		811C4AF52757A916002B4AA4 /* WOInterfaceController.swift */ = {isa = PBXFileReference; lastKnownFileType = sourcecode.swift; path = WOInterfaceController.swift; sourceTree = "<group>"; };
		817DDE952763F605000A02A2 /* iRow.entitlements */ = {isa = PBXFileReference; lastKnownFileType = text.plist.entitlements; path = iRow.entitlements; sourceTree = "<group>"; };
		817DDE962763F605000A02A2 /* HealthKit.framework */ = {isa = PBXFileReference; lastKnownFileType = wrapper.framework; name = HealthKit.framework; path = Platforms/iPhoneOS.platform/Developer/SDKs/iPhoneOS15.0.sdk/System/Library/Frameworks/HealthKit.framework; sourceTree = DEVELOPER_DIR; };
		817DDE982763F6A8000A02A2 /* iRow WatchKit Extension.entitlements */ = {isa = PBXFileReference; lastKnownFileType = text.plist.entitlements; path = "iRow WatchKit Extension.entitlements"; sourceTree = "<group>"; };
		817DDE992763F6A8000A02A2 /* HealthKit.framework */ = {isa = PBXFileReference; lastKnownFileType = wrapper.framework; name = HealthKit.framework; path = Platforms/WatchOS.platform/Developer/SDKs/WatchOS8.0.sdk/System/Library/Frameworks/HealthKit.framework; sourceTree = DEVELOPER_DIR; };
		81AB95C9275DDF5200C10578 /* WOControlsController.swift */ = {isa = PBXFileReference; lastKnownFileType = sourcecode.swift; path = WOControlsController.swift; sourceTree = "<group>"; };
		81AB95CB275E19AB00C10578 /* HistoryController.swift */ = {isa = PBXFileReference; lastKnownFileType = sourcecode.swift; path = HistoryController.swift; sourceTree = "<group>"; };
		81AB95CD275E1A7000C10578 /* HistoryRowController.swift */ = {isa = PBXFileReference; lastKnownFileType = sourcecode.swift; path = HistoryRowController.swift; sourceTree = "<group>"; };
		81DA6E902763AACE003352B9 /* RowHistoryModel.swift */ = {isa = PBXFileReference; lastKnownFileType = sourcecode.swift; path = RowHistoryModel.swift; sourceTree = "<group>"; };
		81EA1BFC27570A76001330AB /* HomeController.swift */ = {isa = PBXFileReference; fileEncoding = 4; lastKnownFileType = sourcecode.swift; path = HomeController.swift; sourceTree = "<group>"; };
		81EA1BFE27570CB5001330AB /* SetRestController.swift */ = {isa = PBXFileReference; lastKnownFileType = sourcecode.swift; path = SetRestController.swift; sourceTree = "<group>"; };
		81EA1C0227575710001330AB /* WOConfigureController.swift */ = {isa = PBXFileReference; lastKnownFileType = sourcecode.swift; path = WOConfigureController.swift; sourceTree = "<group>"; };
		85BBCEBAA3529A449965EB8A /* Pods-iRow WatchKit App.release.xcconfig */ = {isa = PBXFileReference; includeInIndex = 1; lastKnownFileType = text.xcconfig; name = "Pods-iRow WatchKit App.release.xcconfig"; path = "Target Support Files/Pods-iRow WatchKit App/Pods-iRow WatchKit App.release.xcconfig"; sourceTree = "<group>"; };
		AE1741F40268F9B740EA3F84 /* Pods-iRow WatchKit App-iRow WatchKit AppUITests.release.xcconfig */ = {isa = PBXFileReference; includeInIndex = 1; lastKnownFileType = text.xcconfig; name = "Pods-iRow WatchKit App-iRow WatchKit AppUITests.release.xcconfig"; path = "Target Support Files/Pods-iRow WatchKit App-iRow WatchKit AppUITests/Pods-iRow WatchKit App-iRow WatchKit AppUITests.release.xcconfig"; sourceTree = "<group>"; };
		BFB4A762AC8D99A4A44C8E8E /* Pods_iRow.framework */ = {isa = PBXFileReference; explicitFileType = wrapper.framework; includeInIndex = 0; path = Pods_iRow.framework; sourceTree = BUILT_PRODUCTS_DIR; };
		C610F11DF9FB2F5B002B5566 /* Pods-iRow WatchKit App.debug.xcconfig */ = {isa = PBXFileReference; includeInIndex = 1; lastKnownFileType = text.xcconfig; name = "Pods-iRow WatchKit App.debug.xcconfig"; path = "Target Support Files/Pods-iRow WatchKit App/Pods-iRow WatchKit App.debug.xcconfig"; sourceTree = "<group>"; };
		C7EE8B4610B2CC382BF40D21 /* Pods-iRow WatchKit Extension.debug.xcconfig */ = {isa = PBXFileReference; includeInIndex = 1; lastKnownFileType = text.xcconfig; name = "Pods-iRow WatchKit Extension.debug.xcconfig"; path = "Target Support Files/Pods-iRow WatchKit Extension/Pods-iRow WatchKit Extension.debug.xcconfig"; sourceTree = "<group>"; };
		C85E917C272C901F007FEA9C /* iRow.app */ = {isa = PBXFileReference; explicitFileType = wrapper.application; includeInIndex = 0; path = iRow.app; sourceTree = BUILT_PRODUCTS_DIR; };
		C85E917F272C901F007FEA9C /* AppDelegate.swift */ = {isa = PBXFileReference; lastKnownFileType = sourcecode.swift; path = AppDelegate.swift; sourceTree = "<group>"; };
		C85E9181272C901F007FEA9C /* SceneDelegate.swift */ = {isa = PBXFileReference; lastKnownFileType = sourcecode.swift; path = SceneDelegate.swift; sourceTree = "<group>"; };
		C85E9186272C901F007FEA9C /* Base */ = {isa = PBXFileReference; lastKnownFileType = file.storyboard; name = Base; path = Base.lproj/Main.storyboard; sourceTree = "<group>"; };
		C85E9188272C9027007FEA9C /* Assets.xcassets */ = {isa = PBXFileReference; lastKnownFileType = folder.assetcatalog; path = Assets.xcassets; sourceTree = "<group>"; };
		C85E918B272C9027007FEA9C /* Base */ = {isa = PBXFileReference; lastKnownFileType = file.storyboard; name = Base; path = Base.lproj/LaunchScreen.storyboard; sourceTree = "<group>"; };
		C85E918D272C9027007FEA9C /* Info.plist */ = {isa = PBXFileReference; lastKnownFileType = text.plist.xml; path = Info.plist; sourceTree = "<group>"; };
		C85E9192272C9027007FEA9C /* iRowTests.xctest */ = {isa = PBXFileReference; explicitFileType = wrapper.cfbundle; includeInIndex = 0; path = iRowTests.xctest; sourceTree = BUILT_PRODUCTS_DIR; };
		C85E9196272C9027007FEA9C /* iRowTests.swift */ = {isa = PBXFileReference; lastKnownFileType = sourcecode.swift; path = iRowTests.swift; sourceTree = "<group>"; };
		C85E9198272C9027007FEA9C /* Info.plist */ = {isa = PBXFileReference; lastKnownFileType = text.plist.xml; path = Info.plist; sourceTree = "<group>"; };
		C85E919D272C9027007FEA9C /* iRowUITests.xctest */ = {isa = PBXFileReference; explicitFileType = wrapper.cfbundle; includeInIndex = 0; path = iRowUITests.xctest; sourceTree = BUILT_PRODUCTS_DIR; };
		C85E91A1272C9027007FEA9C /* iRowUITests.swift */ = {isa = PBXFileReference; lastKnownFileType = sourcecode.swift; path = iRowUITests.swift; sourceTree = "<group>"; };
		C85E91A3272C9027007FEA9C /* Info.plist */ = {isa = PBXFileReference; lastKnownFileType = text.plist.xml; path = Info.plist; sourceTree = "<group>"; };
		C85E91A6272C9027007FEA9C /* iRow WatchKit App.app */ = {isa = PBXFileReference; explicitFileType = wrapper.application; includeInIndex = 0; path = "iRow WatchKit App.app"; sourceTree = BUILT_PRODUCTS_DIR; };
		C85E91AC272C9027007FEA9C /* Base */ = {isa = PBXFileReference; lastKnownFileType = file.storyboard; name = Base; path = Base.lproj/Interface.storyboard; sourceTree = "<group>"; };
		C85E91AE272C902C007FEA9C /* Assets.xcassets */ = {isa = PBXFileReference; lastKnownFileType = folder.assetcatalog; path = Assets.xcassets; sourceTree = "<group>"; };
		C85E91B0272C902C007FEA9C /* Info.plist */ = {isa = PBXFileReference; lastKnownFileType = text.plist.xml; path = Info.plist; sourceTree = "<group>"; };
		C85E91B5272C902D007FEA9C /* iRow WatchKit Extension.appex */ = {isa = PBXFileReference; explicitFileType = "wrapper.app-extension"; includeInIndex = 0; path = "iRow WatchKit Extension.appex"; sourceTree = BUILT_PRODUCTS_DIR; };
		C85E91BC272C902D007FEA9C /* ExtensionDelegate.swift */ = {isa = PBXFileReference; lastKnownFileType = sourcecode.swift; path = ExtensionDelegate.swift; sourceTree = "<group>"; };
		C85E91BE272C902D007FEA9C /* ComplicationController.swift */ = {isa = PBXFileReference; lastKnownFileType = sourcecode.swift; path = ComplicationController.swift; sourceTree = "<group>"; };
		C85E91C0272C9032007FEA9C /* Assets.xcassets */ = {isa = PBXFileReference; lastKnownFileType = folder.assetcatalog; path = Assets.xcassets; sourceTree = "<group>"; };
		C85E91C2272C9032007FEA9C /* Info.plist */ = {isa = PBXFileReference; lastKnownFileType = text.plist.xml; path = Info.plist; sourceTree = "<group>"; };
		C85E91C7272C9032007FEA9C /* iRow WatchKit AppTests.xctest */ = {isa = PBXFileReference; explicitFileType = wrapper.cfbundle; includeInIndex = 0; path = "iRow WatchKit AppTests.xctest"; sourceTree = BUILT_PRODUCTS_DIR; };
		C85E91CB272C9032007FEA9C /* iRow_WatchKit_AppTests.swift */ = {isa = PBXFileReference; lastKnownFileType = sourcecode.swift; path = iRow_WatchKit_AppTests.swift; sourceTree = "<group>"; };
		C85E91CD272C9032007FEA9C /* Info.plist */ = {isa = PBXFileReference; lastKnownFileType = text.plist.xml; path = Info.plist; sourceTree = "<group>"; };
		C85E91D2272C9032007FEA9C /* iRow WatchKit AppUITests.xctest */ = {isa = PBXFileReference; explicitFileType = wrapper.cfbundle; includeInIndex = 0; path = "iRow WatchKit AppUITests.xctest"; sourceTree = BUILT_PRODUCTS_DIR; };
		C85E91D6272C9032007FEA9C /* iRow_WatchKit_AppUITests.swift */ = {isa = PBXFileReference; lastKnownFileType = sourcecode.swift; path = iRow_WatchKit_AppUITests.swift; sourceTree = "<group>"; };
		C85E91D8272C9032007FEA9C /* Info.plist */ = {isa = PBXFileReference; lastKnownFileType = text.plist.xml; path = Info.plist; sourceTree = "<group>"; };
		C86C566E2731A4D80012FC4D /* NewWORowController.swift */ = {isa = PBXFileReference; lastKnownFileType = sourcecode.swift; path = NewWORowController.swift; sourceTree = "<group>"; };
		C86C56702731A5C90012FC4D /* WOSelectController.swift */ = {isa = PBXFileReference; lastKnownFileType = sourcecode.swift; path = WOSelectController.swift; sourceTree = "<group>"; };
		C86C56742731CFBD0012FC4D /* PracticePlan.swift */ = {isa = PBXFileReference; lastKnownFileType = sourcecode.swift; path = PracticePlan.swift; sourceTree = "<group>"; };
		CB39E0172762FEB300DD00F7 /* WorkoutCell.swift */ = {isa = PBXFileReference; lastKnownFileType = sourcecode.swift; path = WorkoutCell.swift; sourceTree = "<group>"; };
		CB39E01F2763A8BE00DD00F7 /* GoogleService-Info.plist */ = {isa = PBXFileReference; fileEncoding = 4; lastKnownFileType = text.plist.xml; name = "GoogleService-Info.plist"; path = "../../../../../../Downloads/GoogleService-Info.plist"; sourceTree = "<group>"; };
		CB39E0282763C7BC00DD00F7 /* iRowRepo.swift */ = {isa = PBXFileReference; lastKnownFileType = sourcecode.swift; path = iRowRepo.swift; sourceTree = "<group>"; };
		CB4BF393275FDF2100071477 /* LogInViewController.swift */ = {isa = PBXFileReference; lastKnownFileType = sourcecode.swift; path = LogInViewController.swift; sourceTree = "<group>"; };
		CB4BF39F27615FDE00071477 /* Workout.swift */ = {isa = PBXFileReference; lastKnownFileType = sourcecode.swift; path = Workout.swift; sourceTree = "<group>"; };
		CB4BF3A127615FF600071477 /* WorkoutModel.swift */ = {isa = PBXFileReference; lastKnownFileType = sourcecode.swift; path = WorkoutModel.swift; sourceTree = "<group>"; };
		CB4BF3A42761B02600071477 /* WorkoutViewController.swift */ = {isa = PBXFileReference; lastKnownFileType = sourcecode.swift; path = WorkoutViewController.swift; sourceTree = "<group>"; };
		D1DCB40F7D7D53D97C65BDEF /* Pods_iRow_WatchKit_App.framework */ = {isa = PBXFileReference; explicitFileType = wrapper.framework; includeInIndex = 0; path = Pods_iRow_WatchKit_App.framework; sourceTree = BUILT_PRODUCTS_DIR; };
		FA227770293A341F148911EA /* Pods_iRow_WatchKit_App_iRow_WatchKit_AppUITests.framework */ = {isa = PBXFileReference; explicitFileType = wrapper.framework; includeInIndex = 0; path = Pods_iRow_WatchKit_App_iRow_WatchKit_AppUITests.framework; sourceTree = BUILT_PRODUCTS_DIR; };
		FF620419AF3778817DFE1DAD /* Pods_iRow_WatchKit_AppTests.framework */ = {isa = PBXFileReference; explicitFileType = wrapper.framework; includeInIndex = 0; path = Pods_iRow_WatchKit_AppTests.framework; sourceTree = BUILT_PRODUCTS_DIR; };
/* End PBXFileReference section */

/* Begin PBXFrameworksBuildPhase section */
		01D57C2152E11F579236A706 /* Frameworks */ = {
			isa = PBXFrameworksBuildPhase;
			buildActionMask = 2147483647;
			files = (
				CB39E01C276386E100DD00F7 /* Pods_iRow_WatchKit_App.framework in Frameworks */,
			);
			runOnlyForDeploymentPostprocessing = 0;
		};
		C85E9179272C901F007FEA9C /* Frameworks */ = {
			isa = PBXFrameworksBuildPhase;
			buildActionMask = 2147483647;
			files = (
				CB39E0232763A9E800DD00F7 /* FirebaseAnalytics in Frameworks */,
				CB39E0252763A9E800DD00F7 /* FirebaseAnalyticsWithoutAdIdSupport in Frameworks */,
				191382DEB0FE5FEACB6E729E /* Pods_iRow.framework in Frameworks */,
				817DDE972763F605000A02A2 /* HealthKit.framework in Frameworks */,
			);
			runOnlyForDeploymentPostprocessing = 0;
		};
		C85E918F272C9027007FEA9C /* Frameworks */ = {
			isa = PBXFrameworksBuildPhase;
			buildActionMask = 2147483647;
			files = (
			);
			runOnlyForDeploymentPostprocessing = 0;
		};
		C85E919A272C9027007FEA9C /* Frameworks */ = {
			isa = PBXFrameworksBuildPhase;
			buildActionMask = 2147483647;
			files = (
			);
			runOnlyForDeploymentPostprocessing = 0;
		};
		C85E91B2272C902D007FEA9C /* Frameworks */ = {
			isa = PBXFrameworksBuildPhase;
			buildActionMask = 2147483647;
			files = (
				DDDEFB7A306BD098BFA7112E /* Pods_iRow_WatchKit_Extension.framework in Frameworks */,
				817DDE9A2763F6A8000A02A2 /* HealthKit.framework in Frameworks */,
			);
			runOnlyForDeploymentPostprocessing = 0;
		};
		C85E91C4272C9032007FEA9C /* Frameworks */ = {
			isa = PBXFrameworksBuildPhase;
			buildActionMask = 2147483647;
			files = (
				74025596F1CB674A343C4C30 /* Pods_iRow_WatchKit_AppTests.framework in Frameworks */,
			);
			runOnlyForDeploymentPostprocessing = 0;
		};
		C85E91CF272C9032007FEA9C /* Frameworks */ = {
			isa = PBXFrameworksBuildPhase;
			buildActionMask = 2147483647;
			files = (
				8ABAF7F0B61CB2BD36253D9C /* Pods_iRow_WatchKit_App_iRow_WatchKit_AppUITests.framework in Frameworks */,
			);
			runOnlyForDeploymentPostprocessing = 0;
		};
/* End PBXFrameworksBuildPhase section */

/* Begin PBXGroup section */
		4446AB0EE86369ECC6975BDB /* Frameworks */ = {
			isa = PBXGroup;
			children = (
				817DDE992763F6A8000A02A2 /* HealthKit.framework */,
				817DDE962763F605000A02A2 /* HealthKit.framework */,
				BFB4A762AC8D99A4A44C8E8E /* Pods_iRow.framework */,
				D1DCB40F7D7D53D97C65BDEF /* Pods_iRow_WatchKit_App.framework */,
				FA227770293A341F148911EA /* Pods_iRow_WatchKit_App_iRow_WatchKit_AppUITests.framework */,
				FF620419AF3778817DFE1DAD /* Pods_iRow_WatchKit_AppTests.framework */,
				3ACA4A66822CE5558E3F87C5 /* Pods_iRow_WatchKit_Extension.framework */,
			);
			name = Frameworks;
			sourceTree = "<group>";
		};
		8124E27C275700A5001941E9 /* models */ = {
			isa = PBXGroup;
			children = (
				C86C56742731CFBD0012FC4D /* PracticePlan.swift */,
				8107F7752757D51E00058DA6 /* OnWaterRow.swift */,
				81DA6E902763AACE003352B9 /* RowHistoryModel.swift */,
			);
			path = models;
			sourceTree = "<group>";
		};
		816A6C4A2763260D00247A51 /* Tests */ = {
			isa = PBXGroup;
			children = (
				C85E91CA272C9032007FEA9C /* iRow WatchKit AppTests */,
				C85E91D5272C9032007FEA9C /* iRow WatchKit AppUITests */,
				C85E9195272C9027007FEA9C /* iRowTests */,
				C85E91A0272C9027007FEA9C /* iRowUITests */,
			);
			path = Tests;
			sourceTree = "<group>";
		};
		81EA1BFB275708E8001330AB /* controllers */ = {
			isa = PBXGroup;
			children = (
				81EA1BFC27570A76001330AB /* HomeController.swift */,
				C85E91BE272C902D007FEA9C /* ComplicationController.swift */,
				C86C566E2731A4D80012FC4D /* NewWORowController.swift */,
				C86C56702731A5C90012FC4D /* WOSelectController.swift */,
				81EA1BFE27570CB5001330AB /* SetRestController.swift */,
				81EA1C0227575710001330AB /* WOConfigureController.swift */,
				811C4AF52757A916002B4AA4 /* WOInterfaceController.swift */,
				81AB95C9275DDF5200C10578 /* WOControlsController.swift */,
				81AB95CB275E19AB00C10578 /* HistoryController.swift */,
				81AB95CD275E1A7000C10578 /* HistoryRowController.swift */,
			);
			path = controllers;
			sourceTree = "<group>";
		};
		C85E9173272C901F007FEA9C = {
			isa = PBXGroup;
			children = (
				816A6C4A2763260D00247A51 /* Tests */,
				C85E917E272C901F007FEA9C /* iRow */,
				C85E91AA272C9027007FEA9C /* iRow WatchKit App */,
				C85E91B9272C902D007FEA9C /* iRow WatchKit Extension */,
				C85E917D272C901F007FEA9C /* Products */,
				F278A3980C82AB2D3B0CFDDA /* Pods */,
				4446AB0EE86369ECC6975BDB /* Frameworks */,
			);
			sourceTree = "<group>";
		};
		C85E917D272C901F007FEA9C /* Products */ = {
			isa = PBXGroup;
			children = (
				C85E917C272C901F007FEA9C /* iRow.app */,
				C85E9192272C9027007FEA9C /* iRowTests.xctest */,
				C85E919D272C9027007FEA9C /* iRowUITests.xctest */,
				C85E91A6272C9027007FEA9C /* iRow WatchKit App.app */,
				C85E91B5272C902D007FEA9C /* iRow WatchKit Extension.appex */,
				C85E91C7272C9032007FEA9C /* iRow WatchKit AppTests.xctest */,
				C85E91D2272C9032007FEA9C /* iRow WatchKit AppUITests.xctest */,
			);
			name = Products;
			sourceTree = "<group>";
		};
		C85E917E272C901F007FEA9C /* iRow */ = {
			isa = PBXGroup;
			children = (
				817DDE952763F605000A02A2 /* iRow.entitlements */,
				C85E917F272C901F007FEA9C /* AppDelegate.swift */,
				C85E9181272C901F007FEA9C /* SceneDelegate.swift */,
				CB4BF3A327615FFC00071477 /* Models */,
				CB4BF39E27613E5500071477 /* Views */,
				CB4BF39D27613E4600071477 /* Controllers */,
				C85E918D272C9027007FEA9C /* Info.plist */,
				CB39E01F2763A8BE00DD00F7 /* GoogleService-Info.plist */,
			);
			path = iRow;
			sourceTree = "<group>";
		};
		C85E9195272C9027007FEA9C /* iRowTests */ = {
			isa = PBXGroup;
			children = (
				C85E9196272C9027007FEA9C /* iRowTests.swift */,
				C85E9198272C9027007FEA9C /* Info.plist */,
			);
			path = iRowTests;
			sourceTree = "<group>";
		};
		C85E91A0272C9027007FEA9C /* iRowUITests */ = {
			isa = PBXGroup;
			children = (
				C85E91A1272C9027007FEA9C /* iRowUITests.swift */,
				C85E91A3272C9027007FEA9C /* Info.plist */,
			);
			path = iRowUITests;
			sourceTree = "<group>";
		};
		C85E91AA272C9027007FEA9C /* iRow WatchKit App */ = {
			isa = PBXGroup;
			children = (
				C85E91AB272C9027007FEA9C /* Interface.storyboard */,
				C85E91AE272C902C007FEA9C /* Assets.xcassets */,
				C85E91B0272C902C007FEA9C /* Info.plist */,
			);
			path = "iRow WatchKit App";
			sourceTree = "<group>";
		};
		C85E91B9272C902D007FEA9C /* iRow WatchKit Extension */ = {
			isa = PBXGroup;
			children = (
				817DDE982763F6A8000A02A2 /* iRow WatchKit Extension.entitlements */,
				C85E91BC272C902D007FEA9C /* ExtensionDelegate.swift */,
				81EA1BFB275708E8001330AB /* controllers */,
				8124E27C275700A5001941E9 /* models */,
				C85E91C0272C9032007FEA9C /* Assets.xcassets */,
				C85E91C2272C9032007FEA9C /* Info.plist */,
			);
			path = "iRow WatchKit Extension";
			sourceTree = "<group>";
		};
		C85E91CA272C9032007FEA9C /* iRow WatchKit AppTests */ = {
			isa = PBXGroup;
			children = (
				C85E91CB272C9032007FEA9C /* iRow_WatchKit_AppTests.swift */,
				C85E91CD272C9032007FEA9C /* Info.plist */,
			);
			path = "iRow WatchKit AppTests";
			sourceTree = "<group>";
		};
		C85E91D5272C9032007FEA9C /* iRow WatchKit AppUITests */ = {
			isa = PBXGroup;
			children = (
				C85E91D6272C9032007FEA9C /* iRow_WatchKit_AppUITests.swift */,
				C85E91D8272C9032007FEA9C /* Info.plist */,
			);
			path = "iRow WatchKit AppUITests";
			sourceTree = "<group>";
		};
		CB4BF39D27613E4600071477 /* Controllers */ = {
			isa = PBXGroup;
			children = (
				CB4BF393275FDF2100071477 /* LogInViewController.swift */,
				CB4BF3A42761B02600071477 /* WorkoutViewController.swift */,
			);
			path = Controllers;
			sourceTree = "<group>";
		};
		CB4BF39E27613E5500071477 /* Views */ = {
			isa = PBXGroup;
			children = (
				C85E9185272C901F007FEA9C /* Main.storyboard */,
				C85E9188272C9027007FEA9C /* Assets.xcassets */,
				C85E918A272C9027007FEA9C /* LaunchScreen.storyboard */,
				CB39E0172762FEB300DD00F7 /* WorkoutCell.swift */,
			);
			path = Views;
			sourceTree = "<group>";
		};
		CB4BF3A327615FFC00071477 /* Models */ = {
			isa = PBXGroup;
			children = (
				CB4BF39F27615FDE00071477 /* Workout.swift */,
				CB4BF3A127615FF600071477 /* WorkoutModel.swift */,
				CB39E0282763C7BC00DD00F7 /* iRowRepo.swift */,
			);
			path = Models;
			sourceTree = "<group>";
		};
		F278A3980C82AB2D3B0CFDDA /* Pods */ = {
			isa = PBXGroup;
			children = (
				0459877559CF07C7D2CB8901 /* Pods-iRow.debug.xcconfig */,
				43AFAE029560EE5EA0D3200B /* Pods-iRow.release.xcconfig */,
				C610F11DF9FB2F5B002B5566 /* Pods-iRow WatchKit App.debug.xcconfig */,
				85BBCEBAA3529A449965EB8A /* Pods-iRow WatchKit App.release.xcconfig */,
				0E0A84A1929715A1EA45E811 /* Pods-iRow WatchKit App-iRow WatchKit AppUITests.debug.xcconfig */,
				AE1741F40268F9B740EA3F84 /* Pods-iRow WatchKit App-iRow WatchKit AppUITests.release.xcconfig */,
				450D1BAA58453B1E9AE8E5B5 /* Pods-iRow WatchKit AppTests.debug.xcconfig */,
				723839E5DF6FD2E72333A476 /* Pods-iRow WatchKit AppTests.release.xcconfig */,
				C7EE8B4610B2CC382BF40D21 /* Pods-iRow WatchKit Extension.debug.xcconfig */,
				26FB76883AEF21A2D6061BFB /* Pods-iRow WatchKit Extension.release.xcconfig */,
			);
			path = Pods;
			sourceTree = "<group>";
		};
/* End PBXGroup section */

/* Begin PBXNativeTarget section */
		C85E917B272C901F007FEA9C /* iRow */ = {
			isa = PBXNativeTarget;
			buildConfigurationList = C85E91E3272C9032007FEA9C /* Build configuration list for PBXNativeTarget "iRow" */;
			buildPhases = (
				E5317D09458DC1CAB34DE55F /* [CP] Check Pods Manifest.lock */,
				C85E9178272C901F007FEA9C /* Sources */,
				C85E9179272C901F007FEA9C /* Frameworks */,
				C85E917A272C901F007FEA9C /* Resources */,
				C85E91E2272C9032007FEA9C /* Embed Watch Content */,
				FE6D15DEFC496DD5B98AF94A /* [CP] Embed Pods Frameworks */,
			);
			buildRules = (
			);
			dependencies = (
				C85E91A9272C9027007FEA9C /* PBXTargetDependency */,
			);
			name = iRow;
			packageProductDependencies = (
				CB39E0222763A9E800DD00F7 /* FirebaseAnalytics */,
				CB39E0242763A9E800DD00F7 /* FirebaseAnalyticsWithoutAdIdSupport */,
			);
			productName = iRow;
			productReference = C85E917C272C901F007FEA9C /* iRow.app */;
			productType = "com.apple.product-type.application";
		};
		C85E9191272C9027007FEA9C /* iRowTests */ = {
			isa = PBXNativeTarget;
			buildConfigurationList = C85E91E6272C9032007FEA9C /* Build configuration list for PBXNativeTarget "iRowTests" */;
			buildPhases = (
				C85E918E272C9027007FEA9C /* Sources */,
				C85E918F272C9027007FEA9C /* Frameworks */,
				C85E9190272C9027007FEA9C /* Resources */,
			);
			buildRules = (
			);
			dependencies = (
				C85E9194272C9027007FEA9C /* PBXTargetDependency */,
			);
			name = iRowTests;
			productName = iRowTests;
			productReference = C85E9192272C9027007FEA9C /* iRowTests.xctest */;
			productType = "com.apple.product-type.bundle.unit-test";
		};
		C85E919C272C9027007FEA9C /* iRowUITests */ = {
			isa = PBXNativeTarget;
			buildConfigurationList = C85E91E9272C9032007FEA9C /* Build configuration list for PBXNativeTarget "iRowUITests" */;
			buildPhases = (
				C85E9199272C9027007FEA9C /* Sources */,
				C85E919A272C9027007FEA9C /* Frameworks */,
				C85E919B272C9027007FEA9C /* Resources */,
			);
			buildRules = (
			);
			dependencies = (
				C85E919F272C9027007FEA9C /* PBXTargetDependency */,
			);
			name = iRowUITests;
			productName = iRowUITests;
			productReference = C85E919D272C9027007FEA9C /* iRowUITests.xctest */;
			productType = "com.apple.product-type.bundle.ui-testing";
		};
		C85E91A5272C9027007FEA9C /* iRow WatchKit App */ = {
			isa = PBXNativeTarget;
			buildConfigurationList = C85E91DF272C9032007FEA9C /* Build configuration list for PBXNativeTarget "iRow WatchKit App" */;
			buildPhases = (
				F74B3FA942C6623EE039A8A7 /* [CP] Check Pods Manifest.lock */,
				C85E91A4272C9027007FEA9C /* Resources */,
				C85E91DE272C9032007FEA9C /* Embed App Extensions */,
				01D57C2152E11F579236A706 /* Frameworks */,
			);
			buildRules = (
			);
			dependencies = (
				C85E91B8272C902D007FEA9C /* PBXTargetDependency */,
			);
			name = "iRow WatchKit App";
			productName = "iRow WatchKit App";
			productReference = C85E91A6272C9027007FEA9C /* iRow WatchKit App.app */;
			productType = "com.apple.product-type.application.watchapp2";
		};
		C85E91B4272C902D007FEA9C /* iRow WatchKit Extension */ = {
			isa = PBXNativeTarget;
			buildConfigurationList = C85E91DB272C9032007FEA9C /* Build configuration list for PBXNativeTarget "iRow WatchKit Extension" */;
			buildPhases = (
				3E6439243DD3D8727C9906BD /* [CP] Check Pods Manifest.lock */,
				C85E91B1272C902D007FEA9C /* Sources */,
				C85E91B2272C902D007FEA9C /* Frameworks */,
				C85E91B3272C902D007FEA9C /* Resources */,
			);
			buildRules = (
			);
			dependencies = (
			);
			name = "iRow WatchKit Extension";
			productName = "iRow WatchKit Extension";
			productReference = C85E91B5272C902D007FEA9C /* iRow WatchKit Extension.appex */;
			productType = "com.apple.product-type.watchkit2-extension";
		};
		C85E91C6272C9032007FEA9C /* iRow WatchKit AppTests */ = {
			isa = PBXNativeTarget;
			buildConfigurationList = C85E91EC272C9032007FEA9C /* Build configuration list for PBXNativeTarget "iRow WatchKit AppTests" */;
			buildPhases = (
				12E9D74E1D2CCE0C7F03A45B /* [CP] Check Pods Manifest.lock */,
				C85E91C3272C9032007FEA9C /* Sources */,
				C85E91C4272C9032007FEA9C /* Frameworks */,
				C85E91C5272C9032007FEA9C /* Resources */,
			);
			buildRules = (
			);
			dependencies = (
				C85E91C9272C9032007FEA9C /* PBXTargetDependency */,
			);
			name = "iRow WatchKit AppTests";
			productName = "iRow WatchKit AppTests";
			productReference = C85E91C7272C9032007FEA9C /* iRow WatchKit AppTests.xctest */;
			productType = "com.apple.product-type.bundle.unit-test";
		};
		C85E91D1272C9032007FEA9C /* iRow WatchKit AppUITests */ = {
			isa = PBXNativeTarget;
			buildConfigurationList = C85E91EF272C9032007FEA9C /* Build configuration list for PBXNativeTarget "iRow WatchKit AppUITests" */;
			buildPhases = (
				4EF834C08714E2A274C24F1B /* [CP] Check Pods Manifest.lock */,
				C85E91CE272C9032007FEA9C /* Sources */,
				C85E91CF272C9032007FEA9C /* Frameworks */,
				C85E91D0272C9032007FEA9C /* Resources */,
			);
			buildRules = (
			);
			dependencies = (
				C85E91D4272C9032007FEA9C /* PBXTargetDependency */,
			);
			name = "iRow WatchKit AppUITests";
			productName = "iRow WatchKit AppUITests";
			productReference = C85E91D2272C9032007FEA9C /* iRow WatchKit AppUITests.xctest */;
			productType = "com.apple.product-type.bundle.ui-testing";
		};
/* End PBXNativeTarget section */

/* Begin PBXProject section */
		C85E9174272C901F007FEA9C /* Project object */ = {
			isa = PBXProject;
			attributes = {
				LastSwiftUpdateCheck = 1250;
				LastUpgradeCheck = 1250;
				TargetAttributes = {
					C85E917B272C901F007FEA9C = {
						CreatedOnToolsVersion = 12.5.1;
					};
					C85E9191272C9027007FEA9C = {
						CreatedOnToolsVersion = 12.5.1;
						TestTargetID = C85E917B272C901F007FEA9C;
					};
					C85E919C272C9027007FEA9C = {
						CreatedOnToolsVersion = 12.5.1;
						TestTargetID = C85E917B272C901F007FEA9C;
					};
					C85E91A5272C9027007FEA9C = {
						CreatedOnToolsVersion = 12.5.1;
					};
					C85E91B4272C902D007FEA9C = {
						CreatedOnToolsVersion = 12.5.1;
					};
					C85E91C6272C9032007FEA9C = {
						CreatedOnToolsVersion = 12.5.1;
						TestTargetID = C85E91B4272C902D007FEA9C;
					};
					C85E91D1272C9032007FEA9C = {
						CreatedOnToolsVersion = 12.5.1;
						TestTargetID = C85E91A5272C9027007FEA9C;
					};
				};
			};
			buildConfigurationList = C85E9177272C901F007FEA9C /* Build configuration list for PBXProject "iRow" */;
			compatibilityVersion = "Xcode 9.3";
			developmentRegion = en;
			hasScannedForEncodings = 0;
			knownRegions = (
				en,
				Base,
			);
			mainGroup = C85E9173272C901F007FEA9C;
			packageReferences = (
				CB39E0212763A9E800DD00F7 /* XCRemoteSwiftPackageReference "firebase-ios-sdk" */,
			);
			productRefGroup = C85E917D272C901F007FEA9C /* Products */;
			projectDirPath = "";
			projectRoot = "";
			targets = (
				C85E917B272C901F007FEA9C /* iRow */,
				C85E9191272C9027007FEA9C /* iRowTests */,
				C85E919C272C9027007FEA9C /* iRowUITests */,
				C85E91A5272C9027007FEA9C /* iRow WatchKit App */,
				C85E91B4272C902D007FEA9C /* iRow WatchKit Extension */,
				C85E91C6272C9032007FEA9C /* iRow WatchKit AppTests */,
				C85E91D1272C9032007FEA9C /* iRow WatchKit AppUITests */,
			);
		};
/* End PBXProject section */

/* Begin PBXResourcesBuildPhase section */
		C85E917A272C901F007FEA9C /* Resources */ = {
			isa = PBXResourcesBuildPhase;
			buildActionMask = 2147483647;
			files = (
				C85E918C272C9027007FEA9C /* LaunchScreen.storyboard in Resources */,
				CB39E0202763A8BE00DD00F7 /* GoogleService-Info.plist in Resources */,
				C85E9189272C9027007FEA9C /* Assets.xcassets in Resources */,
				C85E9187272C901F007FEA9C /* Main.storyboard in Resources */,
			);
			runOnlyForDeploymentPostprocessing = 0;
		};
		C85E9190272C9027007FEA9C /* Resources */ = {
			isa = PBXResourcesBuildPhase;
			buildActionMask = 2147483647;
			files = (
			);
			runOnlyForDeploymentPostprocessing = 0;
		};
		C85E919B272C9027007FEA9C /* Resources */ = {
			isa = PBXResourcesBuildPhase;
			buildActionMask = 2147483647;
			files = (
			);
			runOnlyForDeploymentPostprocessing = 0;
		};
		C85E91A4272C9027007FEA9C /* Resources */ = {
			isa = PBXResourcesBuildPhase;
			buildActionMask = 2147483647;
			files = (
				C85E91AF272C902C007FEA9C /* Assets.xcassets in Resources */,
				C85E91AD272C9027007FEA9C /* Interface.storyboard in Resources */,
			);
			runOnlyForDeploymentPostprocessing = 0;
		};
		C85E91B3272C902D007FEA9C /* Resources */ = {
			isa = PBXResourcesBuildPhase;
			buildActionMask = 2147483647;
			files = (
				C85E91C1272C9032007FEA9C /* Assets.xcassets in Resources */,
			);
			runOnlyForDeploymentPostprocessing = 0;
		};
		C85E91C5272C9032007FEA9C /* Resources */ = {
			isa = PBXResourcesBuildPhase;
			buildActionMask = 2147483647;
			files = (
			);
			runOnlyForDeploymentPostprocessing = 0;
		};
		C85E91D0272C9032007FEA9C /* Resources */ = {
			isa = PBXResourcesBuildPhase;
			buildActionMask = 2147483647;
			files = (
			);
			runOnlyForDeploymentPostprocessing = 0;
		};
/* End PBXResourcesBuildPhase section */

/* Begin PBXShellScriptBuildPhase section */
		12E9D74E1D2CCE0C7F03A45B /* [CP] Check Pods Manifest.lock */ = {
			isa = PBXShellScriptBuildPhase;
			buildActionMask = 2147483647;
			files = (
			);
			inputFileListPaths = (
			);
			inputPaths = (
				"${PODS_PODFILE_DIR_PATH}/Podfile.lock",
				"${PODS_ROOT}/Manifest.lock",
			);
			name = "[CP] Check Pods Manifest.lock";
			outputFileListPaths = (
			);
			outputPaths = (
				"$(DERIVED_FILE_DIR)/Pods-iRow WatchKit AppTests-checkManifestLockResult.txt",
			);
			runOnlyForDeploymentPostprocessing = 0;
			shellPath = /bin/sh;
			shellScript = "diff \"${PODS_PODFILE_DIR_PATH}/Podfile.lock\" \"${PODS_ROOT}/Manifest.lock\" > /dev/null\nif [ $? != 0 ] ; then\n    # print error to STDERR\n    echo \"error: The sandbox is not in sync with the Podfile.lock. Run 'pod install' or update your CocoaPods installation.\" >&2\n    exit 1\nfi\n# This output is used by Xcode 'outputs' to avoid re-running this script phase.\necho \"SUCCESS\" > \"${SCRIPT_OUTPUT_FILE_0}\"\n";
			showEnvVarsInLog = 0;
		};
		3E6439243DD3D8727C9906BD /* [CP] Check Pods Manifest.lock */ = {
			isa = PBXShellScriptBuildPhase;
			buildActionMask = 2147483647;
			files = (
			);
			inputFileListPaths = (
			);
			inputPaths = (
				"${PODS_PODFILE_DIR_PATH}/Podfile.lock",
				"${PODS_ROOT}/Manifest.lock",
			);
			name = "[CP] Check Pods Manifest.lock";
			outputFileListPaths = (
			);
			outputPaths = (
				"$(DERIVED_FILE_DIR)/Pods-iRow WatchKit Extension-checkManifestLockResult.txt",
			);
			runOnlyForDeploymentPostprocessing = 0;
			shellPath = /bin/sh;
			shellScript = "diff \"${PODS_PODFILE_DIR_PATH}/Podfile.lock\" \"${PODS_ROOT}/Manifest.lock\" > /dev/null\nif [ $? != 0 ] ; then\n    # print error to STDERR\n    echo \"error: The sandbox is not in sync with the Podfile.lock. Run 'pod install' or update your CocoaPods installation.\" >&2\n    exit 1\nfi\n# This output is used by Xcode 'outputs' to avoid re-running this script phase.\necho \"SUCCESS\" > \"${SCRIPT_OUTPUT_FILE_0}\"\n";
			showEnvVarsInLog = 0;
		};
		4EF834C08714E2A274C24F1B /* [CP] Check Pods Manifest.lock */ = {
			isa = PBXShellScriptBuildPhase;
			buildActionMask = 2147483647;
			files = (
			);
			inputFileListPaths = (
			);
			inputPaths = (
				"${PODS_PODFILE_DIR_PATH}/Podfile.lock",
				"${PODS_ROOT}/Manifest.lock",
			);
			name = "[CP] Check Pods Manifest.lock";
			outputFileListPaths = (
			);
			outputPaths = (
				"$(DERIVED_FILE_DIR)/Pods-iRow WatchKit App-iRow WatchKit AppUITests-checkManifestLockResult.txt",
			);
			runOnlyForDeploymentPostprocessing = 0;
			shellPath = /bin/sh;
			shellScript = "diff \"${PODS_PODFILE_DIR_PATH}/Podfile.lock\" \"${PODS_ROOT}/Manifest.lock\" > /dev/null\nif [ $? != 0 ] ; then\n    # print error to STDERR\n    echo \"error: The sandbox is not in sync with the Podfile.lock. Run 'pod install' or update your CocoaPods installation.\" >&2\n    exit 1\nfi\n# This output is used by Xcode 'outputs' to avoid re-running this script phase.\necho \"SUCCESS\" > \"${SCRIPT_OUTPUT_FILE_0}\"\n";
			showEnvVarsInLog = 0;
		};
		E5317D09458DC1CAB34DE55F /* [CP] Check Pods Manifest.lock */ = {
			isa = PBXShellScriptBuildPhase;
			buildActionMask = 2147483647;
			files = (
			);
			inputFileListPaths = (
			);
			inputPaths = (
				"${PODS_PODFILE_DIR_PATH}/Podfile.lock",
				"${PODS_ROOT}/Manifest.lock",
			);
			name = "[CP] Check Pods Manifest.lock";
			outputFileListPaths = (
			);
			outputPaths = (
				"$(DERIVED_FILE_DIR)/Pods-iRow-checkManifestLockResult.txt",
			);
			runOnlyForDeploymentPostprocessing = 0;
			shellPath = /bin/sh;
			shellScript = "diff \"${PODS_PODFILE_DIR_PATH}/Podfile.lock\" \"${PODS_ROOT}/Manifest.lock\" > /dev/null\nif [ $? != 0 ] ; then\n    # print error to STDERR\n    echo \"error: The sandbox is not in sync with the Podfile.lock. Run 'pod install' or update your CocoaPods installation.\" >&2\n    exit 1\nfi\n# This output is used by Xcode 'outputs' to avoid re-running this script phase.\necho \"SUCCESS\" > \"${SCRIPT_OUTPUT_FILE_0}\"\n";
			showEnvVarsInLog = 0;
		};
		F74B3FA942C6623EE039A8A7 /* [CP] Check Pods Manifest.lock */ = {
			isa = PBXShellScriptBuildPhase;
			buildActionMask = 2147483647;
			files = (
			);
			inputFileListPaths = (
			);
			inputPaths = (
				"${PODS_PODFILE_DIR_PATH}/Podfile.lock",
				"${PODS_ROOT}/Manifest.lock",
			);
			name = "[CP] Check Pods Manifest.lock";
			outputFileListPaths = (
			);
			outputPaths = (
				"$(DERIVED_FILE_DIR)/Pods-iRow WatchKit App-checkManifestLockResult.txt",
			);
			runOnlyForDeploymentPostprocessing = 0;
			shellPath = /bin/sh;
			shellScript = "diff \"${PODS_PODFILE_DIR_PATH}/Podfile.lock\" \"${PODS_ROOT}/Manifest.lock\" > /dev/null\nif [ $? != 0 ] ; then\n    # print error to STDERR\n    echo \"error: The sandbox is not in sync with the Podfile.lock. Run 'pod install' or update your CocoaPods installation.\" >&2\n    exit 1\nfi\n# This output is used by Xcode 'outputs' to avoid re-running this script phase.\necho \"SUCCESS\" > \"${SCRIPT_OUTPUT_FILE_0}\"\n";
			showEnvVarsInLog = 0;
		};
		FE6D15DEFC496DD5B98AF94A /* [CP] Embed Pods Frameworks */ = {
			isa = PBXShellScriptBuildPhase;
			buildActionMask = 2147483647;
			files = (
			);
			inputFileListPaths = (
				"${PODS_ROOT}/Target Support Files/Pods-iRow/Pods-iRow-frameworks-${CONFIGURATION}-input-files.xcfilelist",
			);
			name = "[CP] Embed Pods Frameworks";
			outputFileListPaths = (
				"${PODS_ROOT}/Target Support Files/Pods-iRow/Pods-iRow-frameworks-${CONFIGURATION}-output-files.xcfilelist",
			);
			runOnlyForDeploymentPostprocessing = 0;
			shellPath = /bin/sh;
			shellScript = "\"${PODS_ROOT}/Target Support Files/Pods-iRow/Pods-iRow-frameworks.sh\"\n";
			showEnvVarsInLog = 0;
		};
/* End PBXShellScriptBuildPhase section */

/* Begin PBXSourcesBuildPhase section */
		C85E9178272C901F007FEA9C /* Sources */ = {
			isa = PBXSourcesBuildPhase;
			buildActionMask = 2147483647;
			files = (
				CB39E0182762FEB300DD00F7 /* WorkoutCell.swift in Sources */,
				CB4BF3A52761B02600071477 /* WorkoutViewController.swift in Sources */,
				CB4BF394275FDF2100071477 /* LogInViewController.swift in Sources */,
				CB4BF3A227615FF600071477 /* WorkoutModel.swift in Sources */,
				CB4BF3A027615FDE00071477 /* Workout.swift in Sources */,
				C85E9180272C901F007FEA9C /* AppDelegate.swift in Sources */,
				C85E9182272C901F007FEA9C /* SceneDelegate.swift in Sources */,

			);
			runOnlyForDeploymentPostprocessing = 0;
		};
		C85E918E272C9027007FEA9C /* Sources */ = {
			isa = PBXSourcesBuildPhase;
			buildActionMask = 2147483647;
			files = (
				C85E9197272C9027007FEA9C /* iRowTests.swift in Sources */,
			);
			runOnlyForDeploymentPostprocessing = 0;
		};
		C85E9199272C9027007FEA9C /* Sources */ = {
			isa = PBXSourcesBuildPhase;
			buildActionMask = 2147483647;
			files = (
				C85E91A2272C9027007FEA9C /* iRowUITests.swift in Sources */,
			);
			runOnlyForDeploymentPostprocessing = 0;
		};
		C85E91B1272C902D007FEA9C /* Sources */ = {
			isa = PBXSourcesBuildPhase;
			buildActionMask = 2147483647;
			files = (
				C85E91BD272C902D007FEA9C /* ExtensionDelegate.swift in Sources */,
				81AB95CE275E1A7000C10578 /* HistoryRowController.swift in Sources */,
				811C4AF62757A916002B4AA4 /* WOInterfaceController.swift in Sources */,
				C86C566F2731A4D80012FC4D /* NewWORowController.swift in Sources */,
				C86C56752731CFBD0012FC4D /* PracticePlan.swift in Sources */,
				81AB95CC275E19AB00C10578 /* HistoryController.swift in Sources */,
				C86C56712731A5C90012FC4D /* WOSelectController.swift in Sources */,
				8107F7762757D51E00058DA6 /* OnWaterRow.swift in Sources */,
				81EA1BFD27570A76001330AB /* HomeController.swift in Sources */,
				81AB95CA275DDF5200C10578 /* WOControlsController.swift in Sources */,
				81EA1BFF27570CB5001330AB /* SetRestController.swift in Sources */,
				81DA6E912763AACE003352B9 /* RowHistoryModel.swift in Sources */,
				81EA1C0327575710001330AB /* WOConfigureController.swift in Sources */,
				C85E91BF272C902D007FEA9C /* ComplicationController.swift in Sources */,
			);
			runOnlyForDeploymentPostprocessing = 0;
		};
		C85E91C3272C9032007FEA9C /* Sources */ = {
			isa = PBXSourcesBuildPhase;
			buildActionMask = 2147483647;
			files = (
				C85E91CC272C9032007FEA9C /* iRow_WatchKit_AppTests.swift in Sources */,
			);
			runOnlyForDeploymentPostprocessing = 0;
		};
		C85E91CE272C9032007FEA9C /* Sources */ = {
			isa = PBXSourcesBuildPhase;
			buildActionMask = 2147483647;
			files = (
				C85E91D7272C9032007FEA9C /* iRow_WatchKit_AppUITests.swift in Sources */,
			);
			runOnlyForDeploymentPostprocessing = 0;
		};
/* End PBXSourcesBuildPhase section */

/* Begin PBXTargetDependency section */
		C85E9194272C9027007FEA9C /* PBXTargetDependency */ = {
			isa = PBXTargetDependency;
			target = C85E917B272C901F007FEA9C /* iRow */;
			targetProxy = C85E9193272C9027007FEA9C /* PBXContainerItemProxy */;
		};
		C85E919F272C9027007FEA9C /* PBXTargetDependency */ = {
			isa = PBXTargetDependency;
			target = C85E917B272C901F007FEA9C /* iRow */;
			targetProxy = C85E919E272C9027007FEA9C /* PBXContainerItemProxy */;
		};
		C85E91A9272C9027007FEA9C /* PBXTargetDependency */ = {
			isa = PBXTargetDependency;
			target = C85E91A5272C9027007FEA9C /* iRow WatchKit App */;
			targetProxy = C85E91A8272C9027007FEA9C /* PBXContainerItemProxy */;
		};
		C85E91B8272C902D007FEA9C /* PBXTargetDependency */ = {
			isa = PBXTargetDependency;
			target = C85E91B4272C902D007FEA9C /* iRow WatchKit Extension */;
			targetProxy = C85E91B7272C902D007FEA9C /* PBXContainerItemProxy */;
		};
		C85E91C9272C9032007FEA9C /* PBXTargetDependency */ = {
			isa = PBXTargetDependency;
			target = C85E91B4272C902D007FEA9C /* iRow WatchKit Extension */;
			targetProxy = C85E91C8272C9032007FEA9C /* PBXContainerItemProxy */;
		};
		C85E91D4272C9032007FEA9C /* PBXTargetDependency */ = {
			isa = PBXTargetDependency;
			target = C85E91A5272C9027007FEA9C /* iRow WatchKit App */;
			targetProxy = C85E91D3272C9032007FEA9C /* PBXContainerItemProxy */;
		};
/* End PBXTargetDependency section */

/* Begin PBXVariantGroup section */
		C85E9185272C901F007FEA9C /* Main.storyboard */ = {
			isa = PBXVariantGroup;
			children = (
				C85E9186272C901F007FEA9C /* Base */,
			);
			name = Main.storyboard;
			sourceTree = "<group>";
		};
		C85E918A272C9027007FEA9C /* LaunchScreen.storyboard */ = {
			isa = PBXVariantGroup;
			children = (
				C85E918B272C9027007FEA9C /* Base */,
			);
			name = LaunchScreen.storyboard;
			sourceTree = "<group>";
		};
		C85E91AB272C9027007FEA9C /* Interface.storyboard */ = {
			isa = PBXVariantGroup;
			children = (
				C85E91AC272C9027007FEA9C /* Base */,
			);
			name = Interface.storyboard;
			sourceTree = "<group>";
		};
/* End PBXVariantGroup section */

/* Begin XCBuildConfiguration section */
		C85E91D9272C9032007FEA9C /* Debug */ = {
			isa = XCBuildConfiguration;
			buildSettings = {
				ALWAYS_SEARCH_USER_PATHS = NO;
				CLANG_ANALYZER_NONNULL = YES;
				CLANG_ANALYZER_NUMBER_OBJECT_CONVERSION = YES_AGGRESSIVE;
				CLANG_CXX_LANGUAGE_STANDARD = "gnu++14";
				CLANG_CXX_LIBRARY = "libc++";
				CLANG_ENABLE_MODULES = YES;
				CLANG_ENABLE_OBJC_ARC = YES;
				CLANG_ENABLE_OBJC_WEAK = YES;
				CLANG_WARN_BLOCK_CAPTURE_AUTORELEASING = YES;
				CLANG_WARN_BOOL_CONVERSION = YES;
				CLANG_WARN_COMMA = YES;
				CLANG_WARN_CONSTANT_CONVERSION = YES;
				CLANG_WARN_DEPRECATED_OBJC_IMPLEMENTATIONS = YES;
				CLANG_WARN_DIRECT_OBJC_ISA_USAGE = YES_ERROR;
				CLANG_WARN_DOCUMENTATION_COMMENTS = YES;
				CLANG_WARN_EMPTY_BODY = YES;
				CLANG_WARN_ENUM_CONVERSION = YES;
				CLANG_WARN_INFINITE_RECURSION = YES;
				CLANG_WARN_INT_CONVERSION = YES;
				CLANG_WARN_NON_LITERAL_NULL_CONVERSION = YES;
				CLANG_WARN_OBJC_IMPLICIT_RETAIN_SELF = YES;
				CLANG_WARN_OBJC_LITERAL_CONVERSION = YES;
				CLANG_WARN_OBJC_ROOT_CLASS = YES_ERROR;
				CLANG_WARN_QUOTED_INCLUDE_IN_FRAMEWORK_HEADER = YES;
				CLANG_WARN_RANGE_LOOP_ANALYSIS = YES;
				CLANG_WARN_STRICT_PROTOTYPES = YES;
				CLANG_WARN_SUSPICIOUS_MOVE = YES;
				CLANG_WARN_UNGUARDED_AVAILABILITY = YES_AGGRESSIVE;
				CLANG_WARN_UNREACHABLE_CODE = YES;
				CLANG_WARN__DUPLICATE_METHOD_MATCH = YES;
				COPY_PHASE_STRIP = NO;
				DEBUG_INFORMATION_FORMAT = dwarf;
				ENABLE_STRICT_OBJC_MSGSEND = YES;
				ENABLE_TESTABILITY = YES;
				GCC_C_LANGUAGE_STANDARD = gnu11;
				GCC_DYNAMIC_NO_PIC = NO;
				GCC_NO_COMMON_BLOCKS = YES;
				GCC_OPTIMIZATION_LEVEL = 0;
				GCC_PREPROCESSOR_DEFINITIONS = (
					"DEBUG=1",
					"$(inherited)",
				);
				GCC_WARN_64_TO_32_BIT_CONVERSION = YES;
				GCC_WARN_ABOUT_RETURN_TYPE = YES_ERROR;
				GCC_WARN_UNDECLARED_SELECTOR = YES;
				GCC_WARN_UNINITIALIZED_AUTOS = YES_AGGRESSIVE;
				GCC_WARN_UNUSED_FUNCTION = YES;
				GCC_WARN_UNUSED_VARIABLE = YES;
				MTL_ENABLE_DEBUG_INFO = INCLUDE_SOURCE;
				MTL_FAST_MATH = YES;
				ONLY_ACTIVE_ARCH = YES;
				SWIFT_ACTIVE_COMPILATION_CONDITIONS = DEBUG;
				SWIFT_OPTIMIZATION_LEVEL = "-Onone";
			};
			name = Debug;
		};
		C85E91DA272C9032007FEA9C /* Release */ = {
			isa = XCBuildConfiguration;
			buildSettings = {
				ALWAYS_SEARCH_USER_PATHS = NO;
				CLANG_ANALYZER_NONNULL = YES;
				CLANG_ANALYZER_NUMBER_OBJECT_CONVERSION = YES_AGGRESSIVE;
				CLANG_CXX_LANGUAGE_STANDARD = "gnu++14";
				CLANG_CXX_LIBRARY = "libc++";
				CLANG_ENABLE_MODULES = YES;
				CLANG_ENABLE_OBJC_ARC = YES;
				CLANG_ENABLE_OBJC_WEAK = YES;
				CLANG_WARN_BLOCK_CAPTURE_AUTORELEASING = YES;
				CLANG_WARN_BOOL_CONVERSION = YES;
				CLANG_WARN_COMMA = YES;
				CLANG_WARN_CONSTANT_CONVERSION = YES;
				CLANG_WARN_DEPRECATED_OBJC_IMPLEMENTATIONS = YES;
				CLANG_WARN_DIRECT_OBJC_ISA_USAGE = YES_ERROR;
				CLANG_WARN_DOCUMENTATION_COMMENTS = YES;
				CLANG_WARN_EMPTY_BODY = YES;
				CLANG_WARN_ENUM_CONVERSION = YES;
				CLANG_WARN_INFINITE_RECURSION = YES;
				CLANG_WARN_INT_CONVERSION = YES;
				CLANG_WARN_NON_LITERAL_NULL_CONVERSION = YES;
				CLANG_WARN_OBJC_IMPLICIT_RETAIN_SELF = YES;
				CLANG_WARN_OBJC_LITERAL_CONVERSION = YES;
				CLANG_WARN_OBJC_ROOT_CLASS = YES_ERROR;
				CLANG_WARN_QUOTED_INCLUDE_IN_FRAMEWORK_HEADER = YES;
				CLANG_WARN_RANGE_LOOP_ANALYSIS = YES;
				CLANG_WARN_STRICT_PROTOTYPES = YES;
				CLANG_WARN_SUSPICIOUS_MOVE = YES;
				CLANG_WARN_UNGUARDED_AVAILABILITY = YES_AGGRESSIVE;
				CLANG_WARN_UNREACHABLE_CODE = YES;
				CLANG_WARN__DUPLICATE_METHOD_MATCH = YES;
				COPY_PHASE_STRIP = NO;
				DEBUG_INFORMATION_FORMAT = "dwarf-with-dsym";
				ENABLE_NS_ASSERTIONS = NO;
				ENABLE_STRICT_OBJC_MSGSEND = YES;
				GCC_C_LANGUAGE_STANDARD = gnu11;
				GCC_NO_COMMON_BLOCKS = YES;
				GCC_WARN_64_TO_32_BIT_CONVERSION = YES;
				GCC_WARN_ABOUT_RETURN_TYPE = YES_ERROR;
				GCC_WARN_UNDECLARED_SELECTOR = YES;
				GCC_WARN_UNINITIALIZED_AUTOS = YES_AGGRESSIVE;
				GCC_WARN_UNUSED_FUNCTION = YES;
				GCC_WARN_UNUSED_VARIABLE = YES;
				MTL_ENABLE_DEBUG_INFO = NO;
				MTL_FAST_MATH = YES;
				SWIFT_COMPILATION_MODE = wholemodule;
				SWIFT_OPTIMIZATION_LEVEL = "-O";
			};
			name = Release;
		};
		C85E91DC272C9032007FEA9C /* Debug */ = {
			isa = XCBuildConfiguration;
			baseConfigurationReference = C7EE8B4610B2CC382BF40D21 /* Pods-iRow WatchKit Extension.debug.xcconfig */;
			buildSettings = {
				ASSETCATALOG_COMPILER_COMPLICATION_NAME = Complication;
				CODE_SIGN_ENTITLEMENTS = "iRow WatchKit Extension/iRow WatchKit Extension.entitlements";
				CODE_SIGN_STYLE = Automatic;
				DEVELOPMENT_TEAM = YWRVML48KX;
				INFOPLIST_FILE = "iRow WatchKit Extension/Info.plist";
				LD_RUNPATH_SEARCH_PATHS = (
					"$(inherited)",
					"@executable_path/Frameworks",
					"@executable_path/../../Frameworks",
				);
				PRODUCT_BUNDLE_IDENTIFIER = com.Albaitis.iRow.watchkitapp.watchkitextension;
				PRODUCT_NAME = "${TARGET_NAME}";
				SDKROOT = watchos;
				SKIP_INSTALL = YES;
				SWIFT_VERSION = 5.0;
				TARGETED_DEVICE_FAMILY = 4;
				WATCHOS_DEPLOYMENT_TARGET = 7.4;
			};
			name = Debug;
		};
		C85E91DD272C9032007FEA9C /* Release */ = {
			isa = XCBuildConfiguration;
			baseConfigurationReference = 26FB76883AEF21A2D6061BFB /* Pods-iRow WatchKit Extension.release.xcconfig */;
			buildSettings = {
				ASSETCATALOG_COMPILER_COMPLICATION_NAME = Complication;
				CODE_SIGN_ENTITLEMENTS = "iRow WatchKit Extension/iRow WatchKit Extension.entitlements";
				CODE_SIGN_STYLE = Automatic;
				DEVELOPMENT_TEAM = YWRVML48KX;
				INFOPLIST_FILE = "iRow WatchKit Extension/Info.plist";
				LD_RUNPATH_SEARCH_PATHS = (
					"$(inherited)",
					"@executable_path/Frameworks",
					"@executable_path/../../Frameworks",
				);
				PRODUCT_BUNDLE_IDENTIFIER = com.Albaitis.iRow.watchkitapp.watchkitextension;
				PRODUCT_NAME = "${TARGET_NAME}";
				SDKROOT = watchos;
				SKIP_INSTALL = YES;
				SWIFT_VERSION = 5.0;
				TARGETED_DEVICE_FAMILY = 4;
				VALIDATE_PRODUCT = YES;
				WATCHOS_DEPLOYMENT_TARGET = 7.4;
			};
			name = Release;
		};
		C85E91E0272C9032007FEA9C /* Debug */ = {
			isa = XCBuildConfiguration;
			baseConfigurationReference = C610F11DF9FB2F5B002B5566 /* Pods-iRow WatchKit App.debug.xcconfig */;
			buildSettings = {
				ALWAYS_EMBED_SWIFT_STANDARD_LIBRARIES = YES;
				ASSETCATALOG_COMPILER_APPICON_NAME = AppIcon;
				ASSETCATALOG_COMPILER_GLOBAL_ACCENT_COLOR_NAME = AccentColor;
				CODE_SIGN_STYLE = Automatic;
				DEVELOPMENT_TEAM = YWRVML48KX;
				IBSC_MODULE = iRow_WatchKit_Extension;
				INFOPLIST_FILE = "iRow WatchKit App/Info.plist";
				LD_RUNPATH_SEARCH_PATHS = (
					"$(inherited)",
					"@executable_path/Frameworks",
				);
				PRODUCT_BUNDLE_IDENTIFIER = com.Albaitis.iRow.watchkitapp;
				PRODUCT_NAME = "$(TARGET_NAME)";
				SDKROOT = watchos;
				SKIP_INSTALL = YES;
				SWIFT_VERSION = 5.0;
				TARGETED_DEVICE_FAMILY = 4;
				WATCHOS_DEPLOYMENT_TARGET = 7.4;
			};
			name = Debug;
		};
		C85E91E1272C9032007FEA9C /* Release */ = {
			isa = XCBuildConfiguration;
			baseConfigurationReference = 85BBCEBAA3529A449965EB8A /* Pods-iRow WatchKit App.release.xcconfig */;
			buildSettings = {
				ALWAYS_EMBED_SWIFT_STANDARD_LIBRARIES = YES;
				ASSETCATALOG_COMPILER_APPICON_NAME = AppIcon;
				ASSETCATALOG_COMPILER_GLOBAL_ACCENT_COLOR_NAME = AccentColor;
				CODE_SIGN_STYLE = Automatic;
				DEVELOPMENT_TEAM = YWRVML48KX;
				IBSC_MODULE = iRow_WatchKit_Extension;
				INFOPLIST_FILE = "iRow WatchKit App/Info.plist";
				LD_RUNPATH_SEARCH_PATHS = (
					"$(inherited)",
					"@executable_path/Frameworks",
				);
				PRODUCT_BUNDLE_IDENTIFIER = com.Albaitis.iRow.watchkitapp;
				PRODUCT_NAME = "$(TARGET_NAME)";
				SDKROOT = watchos;
				SKIP_INSTALL = YES;
				SWIFT_VERSION = 5.0;
				TARGETED_DEVICE_FAMILY = 4;
				VALIDATE_PRODUCT = YES;
				WATCHOS_DEPLOYMENT_TARGET = 7.4;
			};
			name = Release;
		};
		C85E91E4272C9032007FEA9C /* Debug */ = {
			isa = XCBuildConfiguration;
			baseConfigurationReference = 0459877559CF07C7D2CB8901 /* Pods-iRow.debug.xcconfig */;
			buildSettings = {
				ASSETCATALOG_COMPILER_APPICON_NAME = AppIcon;
				ASSETCATALOG_COMPILER_GLOBAL_ACCENT_COLOR_NAME = AccentColor;
				CODE_SIGN_ENTITLEMENTS = iRow/iRow.entitlements;
				CODE_SIGN_STYLE = Automatic;
				DEVELOPMENT_TEAM = YWRVML48KX;
				INFOPLIST_FILE = iRow/Info.plist;
				IPHONEOS_DEPLOYMENT_TARGET = 14.5;
				LD_RUNPATH_SEARCH_PATHS = (
					"$(inherited)",
					"@executable_path/Frameworks",
				);
				PRODUCT_BUNDLE_IDENTIFIER = com.Albaitis.iRow;
				PRODUCT_NAME = "$(TARGET_NAME)";
				SDKROOT = iphoneos;
				SWIFT_VERSION = 5.0;
				TARGETED_DEVICE_FAMILY = "1,2";
			};
			name = Debug;
		};
		C85E91E5272C9032007FEA9C /* Release */ = {
			isa = XCBuildConfiguration;
			baseConfigurationReference = 43AFAE029560EE5EA0D3200B /* Pods-iRow.release.xcconfig */;
			buildSettings = {
				ASSETCATALOG_COMPILER_APPICON_NAME = AppIcon;
				ASSETCATALOG_COMPILER_GLOBAL_ACCENT_COLOR_NAME = AccentColor;
				CODE_SIGN_ENTITLEMENTS = iRow/iRow.entitlements;
				CODE_SIGN_STYLE = Automatic;
				DEVELOPMENT_TEAM = YWRVML48KX;
				INFOPLIST_FILE = iRow/Info.plist;
				IPHONEOS_DEPLOYMENT_TARGET = 14.5;
				LD_RUNPATH_SEARCH_PATHS = (
					"$(inherited)",
					"@executable_path/Frameworks",
				);
				PRODUCT_BUNDLE_IDENTIFIER = com.Albaitis.iRow;
				PRODUCT_NAME = "$(TARGET_NAME)";
				SDKROOT = iphoneos;
				SWIFT_VERSION = 5.0;
				TARGETED_DEVICE_FAMILY = "1,2";
				VALIDATE_PRODUCT = YES;
			};
			name = Release;
		};
		C85E91E7272C9032007FEA9C /* Debug */ = {
			isa = XCBuildConfiguration;
			buildSettings = {
				ALWAYS_EMBED_SWIFT_STANDARD_LIBRARIES = YES;
				BUNDLE_LOADER = "$(TEST_HOST)";
				CODE_SIGN_STYLE = Automatic;
				DEVELOPMENT_TEAM = YWRVML48KX;
				INFOPLIST_FILE = iRowTests/Info.plist;
				IPHONEOS_DEPLOYMENT_TARGET = 14.5;
				LD_RUNPATH_SEARCH_PATHS = (
					"$(inherited)",
					"@executable_path/Frameworks",
					"@loader_path/Frameworks",
				);
				PRODUCT_BUNDLE_IDENTIFIER = com.Albaitis.iRowTests;
				PRODUCT_NAME = "$(TARGET_NAME)";
				SDKROOT = iphoneos;
				SWIFT_VERSION = 5.0;
				TARGETED_DEVICE_FAMILY = "1,2";
				TEST_HOST = "$(BUILT_PRODUCTS_DIR)/iRow.app/iRow";
			};
			name = Debug;
		};
		C85E91E8272C9032007FEA9C /* Release */ = {
			isa = XCBuildConfiguration;
			buildSettings = {
				ALWAYS_EMBED_SWIFT_STANDARD_LIBRARIES = YES;
				BUNDLE_LOADER = "$(TEST_HOST)";
				CODE_SIGN_STYLE = Automatic;
				DEVELOPMENT_TEAM = YWRVML48KX;
				INFOPLIST_FILE = iRowTests/Info.plist;
				IPHONEOS_DEPLOYMENT_TARGET = 14.5;
				LD_RUNPATH_SEARCH_PATHS = (
					"$(inherited)",
					"@executable_path/Frameworks",
					"@loader_path/Frameworks",
				);
				PRODUCT_BUNDLE_IDENTIFIER = com.Albaitis.iRowTests;
				PRODUCT_NAME = "$(TARGET_NAME)";
				SDKROOT = iphoneos;
				SWIFT_VERSION = 5.0;
				TARGETED_DEVICE_FAMILY = "1,2";
				TEST_HOST = "$(BUILT_PRODUCTS_DIR)/iRow.app/iRow";
				VALIDATE_PRODUCT = YES;
			};
			name = Release;
		};
		C85E91EA272C9032007FEA9C /* Debug */ = {
			isa = XCBuildConfiguration;
			buildSettings = {
				ALWAYS_EMBED_SWIFT_STANDARD_LIBRARIES = YES;
				CODE_SIGN_STYLE = Automatic;
				DEVELOPMENT_TEAM = YWRVML48KX;
				INFOPLIST_FILE = iRowUITests/Info.plist;
				IPHONEOS_DEPLOYMENT_TARGET = 14.5;
				LD_RUNPATH_SEARCH_PATHS = (
					"$(inherited)",
					"@executable_path/Frameworks",
					"@loader_path/Frameworks",
				);
				PRODUCT_BUNDLE_IDENTIFIER = com.Albaitis.iRowUITests;
				PRODUCT_NAME = "$(TARGET_NAME)";
				SDKROOT = iphoneos;
				SWIFT_VERSION = 5.0;
				TARGETED_DEVICE_FAMILY = "1,2";
				TEST_TARGET_NAME = iRow;
			};
			name = Debug;
		};
		C85E91EB272C9032007FEA9C /* Release */ = {
			isa = XCBuildConfiguration;
			buildSettings = {
				ALWAYS_EMBED_SWIFT_STANDARD_LIBRARIES = YES;
				CODE_SIGN_STYLE = Automatic;
				DEVELOPMENT_TEAM = YWRVML48KX;
				INFOPLIST_FILE = iRowUITests/Info.plist;
				IPHONEOS_DEPLOYMENT_TARGET = 14.5;
				LD_RUNPATH_SEARCH_PATHS = (
					"$(inherited)",
					"@executable_path/Frameworks",
					"@loader_path/Frameworks",
				);
				PRODUCT_BUNDLE_IDENTIFIER = com.Albaitis.iRowUITests;
				PRODUCT_NAME = "$(TARGET_NAME)";
				SDKROOT = iphoneos;
				SWIFT_VERSION = 5.0;
				TARGETED_DEVICE_FAMILY = "1,2";
				TEST_TARGET_NAME = iRow;
				VALIDATE_PRODUCT = YES;
			};
			name = Release;
		};
		C85E91ED272C9032007FEA9C /* Debug */ = {
			isa = XCBuildConfiguration;
			baseConfigurationReference = 450D1BAA58453B1E9AE8E5B5 /* Pods-iRow WatchKit AppTests.debug.xcconfig */;
			buildSettings = {
				ALWAYS_EMBED_SWIFT_STANDARD_LIBRARIES = YES;
				BUNDLE_LOADER = "$(TEST_HOST)";
				CODE_SIGN_STYLE = Automatic;
				DEVELOPMENT_TEAM = YWRVML48KX;
				INFOPLIST_FILE = "iRow WatchKit AppTests/Info.plist";
				LD_RUNPATH_SEARCH_PATHS = (
					"$(inherited)",
					"@executable_path/Frameworks",
					"@loader_path/Frameworks",
				);
				PRODUCT_BUNDLE_IDENTIFIER = "com.Albaitis.iRow-WatchKit-AppTests";
				PRODUCT_NAME = "$(TARGET_NAME)";
				SDKROOT = watchos;
				SWIFT_VERSION = 5.0;
				TARGETED_DEVICE_FAMILY = 4;
				TEST_HOST = "$(BUILT_PRODUCTS_DIR)/iRow WatchKit Extension.appex/iRow WatchKit Extension";
				WATCHOS_DEPLOYMENT_TARGET = 7.4;
			};
			name = Debug;
		};
		C85E91EE272C9032007FEA9C /* Release */ = {
			isa = XCBuildConfiguration;
			baseConfigurationReference = 723839E5DF6FD2E72333A476 /* Pods-iRow WatchKit AppTests.release.xcconfig */;
			buildSettings = {
				ALWAYS_EMBED_SWIFT_STANDARD_LIBRARIES = YES;
				BUNDLE_LOADER = "$(TEST_HOST)";
				CODE_SIGN_STYLE = Automatic;
				DEVELOPMENT_TEAM = YWRVML48KX;
				INFOPLIST_FILE = "iRow WatchKit AppTests/Info.plist";
				LD_RUNPATH_SEARCH_PATHS = (
					"$(inherited)",
					"@executable_path/Frameworks",
					"@loader_path/Frameworks",
				);
				PRODUCT_BUNDLE_IDENTIFIER = "com.Albaitis.iRow-WatchKit-AppTests";
				PRODUCT_NAME = "$(TARGET_NAME)";
				SDKROOT = watchos;
				SWIFT_VERSION = 5.0;
				TARGETED_DEVICE_FAMILY = 4;
				TEST_HOST = "$(BUILT_PRODUCTS_DIR)/iRow WatchKit Extension.appex/iRow WatchKit Extension";
				VALIDATE_PRODUCT = YES;
				WATCHOS_DEPLOYMENT_TARGET = 7.4;
			};
			name = Release;
		};
		C85E91F0272C9032007FEA9C /* Debug */ = {
			isa = XCBuildConfiguration;
			baseConfigurationReference = 0E0A84A1929715A1EA45E811 /* Pods-iRow WatchKit App-iRow WatchKit AppUITests.debug.xcconfig */;
			buildSettings = {
				CODE_SIGN_STYLE = Automatic;
				DEVELOPMENT_TEAM = YWRVML48KX;
				INFOPLIST_FILE = "iRow WatchKit AppUITests/Info.plist";
				LD_RUNPATH_SEARCH_PATHS = (
					"$(inherited)",
					"@executable_path/Frameworks",
					"@loader_path/Frameworks",
				);
				PRODUCT_BUNDLE_IDENTIFIER = "com.Albaitis.iRow-WatchKit-AppUITests";
				PRODUCT_NAME = "$(TARGET_NAME)";
				SDKROOT = watchos;
				SWIFT_VERSION = 5.0;
				TARGETED_DEVICE_FAMILY = 4;
				TEST_TARGET_NAME = "iRow WatchKit App";
				WATCHOS_DEPLOYMENT_TARGET = 7.4;
			};
			name = Debug;
		};
		C85E91F1272C9032007FEA9C /* Release */ = {
			isa = XCBuildConfiguration;
			baseConfigurationReference = AE1741F40268F9B740EA3F84 /* Pods-iRow WatchKit App-iRow WatchKit AppUITests.release.xcconfig */;
			buildSettings = {
				CODE_SIGN_STYLE = Automatic;
				DEVELOPMENT_TEAM = YWRVML48KX;
				INFOPLIST_FILE = "iRow WatchKit AppUITests/Info.plist";
				LD_RUNPATH_SEARCH_PATHS = (
					"$(inherited)",
					"@executable_path/Frameworks",
					"@loader_path/Frameworks",
				);
				PRODUCT_BUNDLE_IDENTIFIER = "com.Albaitis.iRow-WatchKit-AppUITests";
				PRODUCT_NAME = "$(TARGET_NAME)";
				SDKROOT = watchos;
				SWIFT_VERSION = 5.0;
				TARGETED_DEVICE_FAMILY = 4;
				TEST_TARGET_NAME = "iRow WatchKit App";
				VALIDATE_PRODUCT = YES;
				WATCHOS_DEPLOYMENT_TARGET = 7.4;
			};
			name = Release;
		};
/* End XCBuildConfiguration section */

/* Begin XCConfigurationList section */
		C85E9177272C901F007FEA9C /* Build configuration list for PBXProject "iRow" */ = {
			isa = XCConfigurationList;
			buildConfigurations = (
				C85E91D9272C9032007FEA9C /* Debug */,
				C85E91DA272C9032007FEA9C /* Release */,
			);
			defaultConfigurationIsVisible = 0;
			defaultConfigurationName = Release;
		};
		C85E91DB272C9032007FEA9C /* Build configuration list for PBXNativeTarget "iRow WatchKit Extension" */ = {
			isa = XCConfigurationList;
			buildConfigurations = (
				C85E91DC272C9032007FEA9C /* Debug */,
				C85E91DD272C9032007FEA9C /* Release */,
			);
			defaultConfigurationIsVisible = 0;
			defaultConfigurationName = Release;
		};
		C85E91DF272C9032007FEA9C /* Build configuration list for PBXNativeTarget "iRow WatchKit App" */ = {
			isa = XCConfigurationList;
			buildConfigurations = (
				C85E91E0272C9032007FEA9C /* Debug */,
				C85E91E1272C9032007FEA9C /* Release */,
			);
			defaultConfigurationIsVisible = 0;
			defaultConfigurationName = Release;
		};
		C85E91E3272C9032007FEA9C /* Build configuration list for PBXNativeTarget "iRow" */ = {
			isa = XCConfigurationList;
			buildConfigurations = (
				C85E91E4272C9032007FEA9C /* Debug */,
				C85E91E5272C9032007FEA9C /* Release */,
			);
			defaultConfigurationIsVisible = 0;
			defaultConfigurationName = Release;
		};
		C85E91E6272C9032007FEA9C /* Build configuration list for PBXNativeTarget "iRowTests" */ = {
			isa = XCConfigurationList;
			buildConfigurations = (
				C85E91E7272C9032007FEA9C /* Debug */,
				C85E91E8272C9032007FEA9C /* Release */,
			);
			defaultConfigurationIsVisible = 0;
			defaultConfigurationName = Release;
		};
		C85E91E9272C9032007FEA9C /* Build configuration list for PBXNativeTarget "iRowUITests" */ = {
			isa = XCConfigurationList;
			buildConfigurations = (
				C85E91EA272C9032007FEA9C /* Debug */,
				C85E91EB272C9032007FEA9C /* Release */,
			);
			defaultConfigurationIsVisible = 0;
			defaultConfigurationName = Release;
		};
		C85E91EC272C9032007FEA9C /* Build configuration list for PBXNativeTarget "iRow WatchKit AppTests" */ = {
			isa = XCConfigurationList;
			buildConfigurations = (
				C85E91ED272C9032007FEA9C /* Debug */,
				C85E91EE272C9032007FEA9C /* Release */,
			);
			defaultConfigurationIsVisible = 0;
			defaultConfigurationName = Release;
		};
		C85E91EF272C9032007FEA9C /* Build configuration list for PBXNativeTarget "iRow WatchKit AppUITests" */ = {
			isa = XCConfigurationList;
			buildConfigurations = (
				C85E91F0272C9032007FEA9C /* Debug */,
				C85E91F1272C9032007FEA9C /* Release */,
			);
			defaultConfigurationIsVisible = 0;
			defaultConfigurationName = Release;
		};
/* End XCConfigurationList section */

/* Begin XCRemoteSwiftPackageReference section */
		CB39E0212763A9E800DD00F7 /* XCRemoteSwiftPackageReference "firebase-ios-sdk" */ = {
			isa = XCRemoteSwiftPackageReference;
			repositoryURL = "https://github.com/firebase/firebase-ios-sdk";
			requirement = {
				kind = upToNextMajorVersion;
				minimumVersion = 8.0.0;
			};
		};
/* End XCRemoteSwiftPackageReference section */

/* Begin XCSwiftPackageProductDependency section */
		CB39E0222763A9E800DD00F7 /* FirebaseAnalytics */ = {
			isa = XCSwiftPackageProductDependency;
			package = CB39E0212763A9E800DD00F7 /* XCRemoteSwiftPackageReference "firebase-ios-sdk" */;
			productName = FirebaseAnalytics;
		};
		CB39E0242763A9E800DD00F7 /* FirebaseAnalyticsWithoutAdIdSupport */ = {
			isa = XCSwiftPackageProductDependency;
			package = CB39E0212763A9E800DD00F7 /* XCRemoteSwiftPackageReference "firebase-ios-sdk" */;
			productName = FirebaseAnalyticsWithoutAdIdSupport;
		};
/* End XCSwiftPackageProductDependency section */
	};
	rootObject = C85E9174272C901F007FEA9C /* Project object */;
}
